
Microsoft Visual Studio Solution File, Format Version 12.00
# Visual Studio Version 17
VisualStudioVersion = 17.11.35222.181
MinimumVisualStudioVersion = 10.0.40219.1
Project("{FAE04EC0-301F-11D3-BF4B-00C04F79EFBC}") = "MathGames.MAUI", "MathGames.MAUI\MathGames.MAUI.csproj", "{EEBFBF59-2CAF-47AA-8F20-B4734E48B220}"
EndProject
Global
	GlobalSection(SolutionConfigurationPlatforms) = preSolution
		Debug|Any CPU = Debug|Any CPU
		Release|Any CPU = Release|Any CPU
	EndGlobalSection
	GlobalSection(ProjectConfigurationPlatforms) = postSolution
		{EEBFBF59-2CAF-47AA-8F20-B4734E48B220}.Debug|Any CPU.ActiveCfg = Debug|Any CPU
		{EEBFBF59-2CAF-47AA-8F20-B4734E48B220}.Debug|Any CPU.Build.0 = Debug|Any CPU
		{EEBFBF59-2CAF-47AA-8F20-B4734E48B220}.Debug|Any CPU.Deploy.0 = Debug|Any CPU
		{EEBFBF59-2CAF-47AA-8F20-B4734E48B220}.Release|Any CPU.ActiveCfg = Release|Any CPU
		{EEBFBF59-2CAF-47AA-8F20-B4734E48B220}.Release|Any CPU.Build.0 = Release|Any CPU
		{EEBFBF59-2CAF-47AA-8F20-B4734E48B220}.Release|Any CPU.Deploy.0 = Release|Any CPU
	EndGlobalSection
	GlobalSection(SolutionProperties) = preSolution
		HideSolutionNode = FALSE
	EndGlobalSection
	GlobalSection(ExtensibilityGlobals) = postSolution
		SolutionGuid = {DD770C97-8494-4A49-ADEB-5F947B6731FA}
	EndGlobalSection
EndGlobal
