
Microsoft Visual Studio Solution File, Format Version 12.00
# Visual Studio Version 17
VisualStudioVersion = 17.11.35222.181
MinimumVisualStudioVersion = 10.0.40219.1
Project("{9A19103F-16F7-4668-BE54-9A1E7A4F7556}") = "BikeShop", "BikeShop\BikeShop.csproj", "{8A9F07BB-7ED8-4F93-8E14-F9D05F02204A}"
EndProject
Project("{9A19103F-16F7-4668-BE54-9A1E7A4F7556}") = "Phoneword.MAUI", "Phoneword.MAUI\Phoneword.MAUI.csproj", "{E4BC8CCE-7F73-40DF-8AC9-E10804284372}"
EndProject
Project("{9A19103F-16F7-4668-BE54-9A1E7A4F7556}") = "MyFirstConsoleApp", "MyFirstConsoleApp\MyFirstConsoleApp.csproj", "{3A6664F6-3C6B-423E-A407-8A86D422CE56}"
EndProject
Project("{9A19103F-16F7-4668-BE54-9A1E7A4F7556}") = "AnimalMatchingGame.MAUI", "AnimalMatchingGame.MAUI\AnimalMatchingGame.MAUI.csproj", "{FAD21E3E-540F-47EC-B31B-C046FE3F95C7}"
EndProject
Project("{FAE04EC0-301F-11D3-BF4B-00C04F79EFBC}") = "ExperimentWithControls", "ExperimentWithControls\ExperimentWithControls.csproj", "{7292E4A5-1028-4AF1-9F42-525E9E5513A7}"
EndProject
Project("{FAE04EC0-301F-11D3-BF4B-00C04F79EFBC}") = "PickRandomCards", "PickRandomCards\PickRandomCards.csproj", "{57BA34C6-51CE-4B33-816E-F940214F9156}"
EndProject
Project("{FAE04EC0-301F-11D3-BF4B-00C04F79EFBC}") = "MyMediaCollection", "MyMediaCollection\MyMediaCollection.csproj", "{7494A07D-E11D-461A-A75D-2D18CDC850E8}"
EndProject
Project("{FAE04EC0-301F-11D3-BF4B-00C04F79EFBC}") = "PickRandomCards.MAUI", "PickRandomCards.MAUI\PickRandomCards.MAUI.csproj", "{CB5C9223-B268-478C-AA0B-52834E27C23A}"
EndProject
Project("{FAE04EC0-301F-11D3-BF4B-00C04F79EFBC}") = "Guys", "Guys\Guys.csproj", "{90DAAFBF-86E7-42CB-B9C0-683ED72B88ED}"
EndProject
Project("{FAE04EC0-301F-11D3-BF4B-00C04F79EFBC}") = "BettingGame", "BettingGame\BettingGame.csproj", "{E8220178-70CE-4170-8C14-90E6A89EF61B}"
EndProject
Global
	GlobalSection(SolutionConfigurationPlatforms) = preSolution
		Debug|Any CPU = Debug|Any CPU
		Debug|ARM64 = Debug|ARM64
		Debug|x64 = Debug|x64
		Debug|x86 = Debug|x86
		Release|Any CPU = Release|Any CPU
		Release|ARM64 = Release|ARM64
		Release|x64 = Release|x64
		Release|x86 = Release|x86
	EndGlobalSection
	GlobalSection(ProjectConfigurationPlatforms) = postSolution
		{8A9F07BB-7ED8-4F93-8E14-F9D05F02204A}.Debug|Any CPU.ActiveCfg = Debug|Any CPU
		{8A9F07BB-7ED8-4F93-8E14-F9D05F02204A}.Debug|Any CPU.Build.0 = Debug|Any CPU
		{8A9F07BB-7ED8-4F93-8E14-F9D05F02204A}.Debug|ARM64.ActiveCfg = Debug|Any CPU
		{8A9F07BB-7ED8-4F93-8E14-F9D05F02204A}.Debug|ARM64.Build.0 = Debug|Any CPU
		{8A9F07BB-7ED8-4F93-8E14-F9D05F02204A}.Debug|x64.ActiveCfg = Debug|Any CPU
		{8A9F07BB-7ED8-4F93-8E14-F9D05F02204A}.Debug|x64.Build.0 = Debug|Any CPU
		{8A9F07BB-7ED8-4F93-8E14-F9D05F02204A}.Debug|x86.ActiveCfg = Debug|Any CPU
		{8A9F07BB-7ED8-4F93-8E14-F9D05F02204A}.Debug|x86.Build.0 = Debug|Any CPU
		{8A9F07BB-7ED8-4F93-8E14-F9D05F02204A}.Release|Any CPU.ActiveCfg = Release|Any CPU
		{8A9F07BB-7ED8-4F93-8E14-F9D05F02204A}.Release|Any CPU.Build.0 = Release|Any CPU
		{8A9F07BB-7ED8-4F93-8E14-F9D05F02204A}.Release|ARM64.ActiveCfg = Release|Any CPU
		{8A9F07BB-7ED8-4F93-8E14-F9D05F02204A}.Release|ARM64.Build.0 = Release|Any CPU
		{8A9F07BB-7ED8-4F93-8E14-F9D05F02204A}.Release|x64.ActiveCfg = Release|Any CPU
		{8A9F07BB-7ED8-4F93-8E14-F9D05F02204A}.Release|x64.Build.0 = Release|Any CPU
		{8A9F07BB-7ED8-4F93-8E14-F9D05F02204A}.Release|x86.ActiveCfg = Release|Any CPU
		{8A9F07BB-7ED8-4F93-8E14-F9D05F02204A}.Release|x86.Build.0 = Release|Any CPU
		{E4BC8CCE-7F73-40DF-8AC9-E10804284372}.Debug|Any CPU.ActiveCfg = Debug|Any CPU
		{E4BC8CCE-7F73-40DF-8AC9-E10804284372}.Debug|Any CPU.Build.0 = Debug|Any CPU
		{E4BC8CCE-7F73-40DF-8AC9-E10804284372}.Debug|Any CPU.Deploy.0 = Debug|Any CPU
		{E4BC8CCE-7F73-40DF-8AC9-E10804284372}.Debug|ARM64.ActiveCfg = Debug|Any CPU
		{E4BC8CCE-7F73-40DF-8AC9-E10804284372}.Debug|ARM64.Build.0 = Debug|Any CPU
		{E4BC8CCE-7F73-40DF-8AC9-E10804284372}.Debug|ARM64.Deploy.0 = Debug|Any CPU
		{E4BC8CCE-7F73-40DF-8AC9-E10804284372}.Debug|x64.ActiveCfg = Debug|Any CPU
		{E4BC8CCE-7F73-40DF-8AC9-E10804284372}.Debug|x64.Build.0 = Debug|Any CPU
		{E4BC8CCE-7F73-40DF-8AC9-E10804284372}.Debug|x64.Deploy.0 = Debug|Any CPU
		{E4BC8CCE-7F73-40DF-8AC9-E10804284372}.Debug|x86.ActiveCfg = Debug|Any CPU
		{E4BC8CCE-7F73-40DF-8AC9-E10804284372}.Debug|x86.Build.0 = Debug|Any CPU
		{E4BC8CCE-7F73-40DF-8AC9-E10804284372}.Debug|x86.Deploy.0 = Debug|Any CPU
		{E4BC8CCE-7F73-40DF-8AC9-E10804284372}.Release|Any CPU.ActiveCfg = Release|Any CPU
		{E4BC8CCE-7F73-40DF-8AC9-E10804284372}.Release|Any CPU.Build.0 = Release|Any CPU
		{E4BC8CCE-7F73-40DF-8AC9-E10804284372}.Release|Any CPU.Deploy.0 = Release|Any CPU
		{E4BC8CCE-7F73-40DF-8AC9-E10804284372}.Release|ARM64.ActiveCfg = Release|Any CPU
		{E4BC8CCE-7F73-40DF-8AC9-E10804284372}.Release|ARM64.Build.0 = Release|Any CPU
		{E4BC8CCE-7F73-40DF-8AC9-E10804284372}.Release|ARM64.Deploy.0 = Release|Any CPU
		{E4BC8CCE-7F73-40DF-8AC9-E10804284372}.Release|x64.ActiveCfg = Release|Any CPU
		{E4BC8CCE-7F73-40DF-8AC9-E10804284372}.Release|x64.Build.0 = Release|Any CPU
		{E4BC8CCE-7F73-40DF-8AC9-E10804284372}.Release|x64.Deploy.0 = Release|Any CPU
		{E4BC8CCE-7F73-40DF-8AC9-E10804284372}.Release|x86.ActiveCfg = Release|Any CPU
		{E4BC8CCE-7F73-40DF-8AC9-E10804284372}.Release|x86.Build.0 = Release|Any CPU
		{E4BC8CCE-7F73-40DF-8AC9-E10804284372}.Release|x86.Deploy.0 = Release|Any CPU
		{3A6664F6-3C6B-423E-A407-8A86D422CE56}.Debug|Any CPU.ActiveCfg = Debug|Any CPU
		{3A6664F6-3C6B-423E-A407-8A86D422CE56}.Debug|Any CPU.Build.0 = Debug|Any CPU
		{3A6664F6-3C6B-423E-A407-8A86D422CE56}.Debug|ARM64.ActiveCfg = Debug|Any CPU
		{3A6664F6-3C6B-423E-A407-8A86D422CE56}.Debug|ARM64.Build.0 = Debug|Any CPU
		{3A6664F6-3C6B-423E-A407-8A86D422CE56}.Debug|x64.ActiveCfg = Debug|Any CPU
		{3A6664F6-3C6B-423E-A407-8A86D422CE56}.Debug|x64.Build.0 = Debug|Any CPU
		{3A6664F6-3C6B-423E-A407-8A86D422CE56}.Debug|x86.ActiveCfg = Debug|Any CPU
		{3A6664F6-3C6B-423E-A407-8A86D422CE56}.Debug|x86.Build.0 = Debug|Any CPU
		{3A6664F6-3C6B-423E-A407-8A86D422CE56}.Release|Any CPU.ActiveCfg = Release|Any CPU
		{3A6664F6-3C6B-423E-A407-8A86D422CE56}.Release|Any CPU.Build.0 = Release|Any CPU
		{3A6664F6-3C6B-423E-A407-8A86D422CE56}.Release|ARM64.ActiveCfg = Release|Any CPU
		{3A6664F6-3C6B-423E-A407-8A86D422CE56}.Release|ARM64.Build.0 = Release|Any CPU
		{3A6664F6-3C6B-423E-A407-8A86D422CE56}.Release|x64.ActiveCfg = Release|Any CPU
		{3A6664F6-3C6B-423E-A407-8A86D422CE56}.Release|x64.Build.0 = Release|Any CPU
		{3A6664F6-3C6B-423E-A407-8A86D422CE56}.Release|x86.ActiveCfg = Release|Any CPU
		{3A6664F6-3C6B-423E-A407-8A86D422CE56}.Release|x86.Build.0 = Release|Any CPU
		{FAD21E3E-540F-47EC-B31B-C046FE3F95C7}.Debug|Any CPU.ActiveCfg = Debug|Any CPU
		{FAD21E3E-540F-47EC-B31B-C046FE3F95C7}.Debug|Any CPU.Build.0 = Debug|Any CPU
		{FAD21E3E-540F-47EC-B31B-C046FE3F95C7}.Debug|Any CPU.Deploy.0 = Debug|Any CPU
		{FAD21E3E-540F-47EC-B31B-C046FE3F95C7}.Debug|ARM64.ActiveCfg = Debug|Any CPU
		{FAD21E3E-540F-47EC-B31B-C046FE3F95C7}.Debug|ARM64.Build.0 = Debug|Any CPU
		{FAD21E3E-540F-47EC-B31B-C046FE3F95C7}.Debug|ARM64.Deploy.0 = Debug|Any CPU
		{FAD21E3E-540F-47EC-B31B-C046FE3F95C7}.Debug|x64.ActiveCfg = Debug|Any CPU
		{FAD21E3E-540F-47EC-B31B-C046FE3F95C7}.Debug|x64.Build.0 = Debug|Any CPU
		{FAD21E3E-540F-47EC-B31B-C046FE3F95C7}.Debug|x64.Deploy.0 = Debug|Any CPU
		{FAD21E3E-540F-47EC-B31B-C046FE3F95C7}.Debug|x86.ActiveCfg = Debug|Any CPU
		{FAD21E3E-540F-47EC-B31B-C046FE3F95C7}.Debug|x86.Build.0 = Debug|Any CPU
		{FAD21E3E-540F-47EC-B31B-C046FE3F95C7}.Debug|x86.Deploy.0 = Debug|Any CPU
		{FAD21E3E-540F-47EC-B31B-C046FE3F95C7}.Release|Any CPU.ActiveCfg = Release|Any CPU
		{FAD21E3E-540F-47EC-B31B-C046FE3F95C7}.Release|Any CPU.Build.0 = Release|Any CPU
		{FAD21E3E-540F-47EC-B31B-C046FE3F95C7}.Release|Any CPU.Deploy.0 = Release|Any CPU
		{FAD21E3E-540F-47EC-B31B-C046FE3F95C7}.Release|ARM64.ActiveCfg = Release|Any CPU
		{FAD21E3E-540F-47EC-B31B-C046FE3F95C7}.Release|ARM64.Build.0 = Release|Any CPU
		{FAD21E3E-540F-47EC-B31B-C046FE3F95C7}.Release|ARM64.Deploy.0 = Release|Any CPU
		{FAD21E3E-540F-47EC-B31B-C046FE3F95C7}.Release|x64.ActiveCfg = Release|Any CPU
		{FAD21E3E-540F-47EC-B31B-C046FE3F95C7}.Release|x64.Build.0 = Release|Any CPU
		{FAD21E3E-540F-47EC-B31B-C046FE3F95C7}.Release|x64.Deploy.0 = Release|Any CPU
		{FAD21E3E-540F-47EC-B31B-C046FE3F95C7}.Release|x86.ActiveCfg = Release|Any CPU
		{FAD21E3E-540F-47EC-B31B-C046FE3F95C7}.Release|x86.Build.0 = Release|Any CPU
		{FAD21E3E-540F-47EC-B31B-C046FE3F95C7}.Release|x86.Deploy.0 = Release|Any CPU
		{7292E4A5-1028-4AF1-9F42-525E9E5513A7}.Debug|Any CPU.ActiveCfg = Debug|Any CPU
		{7292E4A5-1028-4AF1-9F42-525E9E5513A7}.Debug|Any CPU.Build.0 = Debug|Any CPU
		{7292E4A5-1028-4AF1-9F42-525E9E5513A7}.Debug|Any CPU.Deploy.0 = Debug|Any CPU
		{7292E4A5-1028-4AF1-9F42-525E9E5513A7}.Debug|ARM64.ActiveCfg = Debug|Any CPU
		{7292E4A5-1028-4AF1-9F42-525E9E5513A7}.Debug|ARM64.Build.0 = Debug|Any CPU
		{7292E4A5-1028-4AF1-9F42-525E9E5513A7}.Debug|ARM64.Deploy.0 = Debug|Any CPU
		{7292E4A5-1028-4AF1-9F42-525E9E5513A7}.Debug|x64.ActiveCfg = Debug|Any CPU
		{7292E4A5-1028-4AF1-9F42-525E9E5513A7}.Debug|x64.Build.0 = Debug|Any CPU
		{7292E4A5-1028-4AF1-9F42-525E9E5513A7}.Debug|x64.Deploy.0 = Debug|Any CPU
		{7292E4A5-1028-4AF1-9F42-525E9E5513A7}.Debug|x86.ActiveCfg = Debug|Any CPU
		{7292E4A5-1028-4AF1-9F42-525E9E5513A7}.Debug|x86.Build.0 = Debug|Any CPU
		{7292E4A5-1028-4AF1-9F42-525E9E5513A7}.Debug|x86.Deploy.0 = Debug|Any CPU
		{7292E4A5-1028-4AF1-9F42-525E9E5513A7}.Release|Any CPU.ActiveCfg = Release|Any CPU
		{7292E4A5-1028-4AF1-9F42-525E9E5513A7}.Release|Any CPU.Build.0 = Release|Any CPU
		{7292E4A5-1028-4AF1-9F42-525E9E5513A7}.Release|Any CPU.Deploy.0 = Release|Any CPU
		{7292E4A5-1028-4AF1-9F42-525E9E5513A7}.Release|ARM64.ActiveCfg = Release|Any CPU
		{7292E4A5-1028-4AF1-9F42-525E9E5513A7}.Release|ARM64.Build.0 = Release|Any CPU
		{7292E4A5-1028-4AF1-9F42-525E9E5513A7}.Release|ARM64.Deploy.0 = Release|Any CPU
		{7292E4A5-1028-4AF1-9F42-525E9E5513A7}.Release|x64.ActiveCfg = Release|Any CPU
		{7292E4A5-1028-4AF1-9F42-525E9E5513A7}.Release|x64.Build.0 = Release|Any CPU
		{7292E4A5-1028-4AF1-9F42-525E9E5513A7}.Release|x64.Deploy.0 = Release|Any CPU
		{7292E4A5-1028-4AF1-9F42-525E9E5513A7}.Release|x86.ActiveCfg = Release|Any CPU
		{7292E4A5-1028-4AF1-9F42-525E9E5513A7}.Release|x86.Build.0 = Release|Any CPU
		{7292E4A5-1028-4AF1-9F42-525E9E5513A7}.Release|x86.Deploy.0 = Release|Any CPU
		{57BA34C6-51CE-4B33-816E-F940214F9156}.Debug|Any CPU.ActiveCfg = Debug|Any CPU
		{57BA34C6-51CE-4B33-816E-F940214F9156}.Debug|Any CPU.Build.0 = Debug|Any CPU
		{57BA34C6-51CE-4B33-816E-F940214F9156}.Debug|ARM64.ActiveCfg = Debug|Any CPU
		{57BA34C6-51CE-4B33-816E-F940214F9156}.Debug|ARM64.Build.0 = Debug|Any CPU
		{57BA34C6-51CE-4B33-816E-F940214F9156}.Debug|x64.ActiveCfg = Debug|Any CPU
		{57BA34C6-51CE-4B33-816E-F940214F9156}.Debug|x64.Build.0 = Debug|Any CPU
		{57BA34C6-51CE-4B33-816E-F940214F9156}.Debug|x86.ActiveCfg = Debug|Any CPU
		{57BA34C6-51CE-4B33-816E-F940214F9156}.Debug|x86.Build.0 = Debug|Any CPU
		{57BA34C6-51CE-4B33-816E-F940214F9156}.Release|Any CPU.ActiveCfg = Release|Any CPU
		{57BA34C6-51CE-4B33-816E-F940214F9156}.Release|Any CPU.Build.0 = Release|Any CPU
		{57BA34C6-51CE-4B33-816E-F940214F9156}.Release|ARM64.ActiveCfg = Release|Any CPU
		{57BA34C6-51CE-4B33-816E-F940214F9156}.Release|ARM64.Build.0 = Release|Any CPU
		{57BA34C6-51CE-4B33-816E-F940214F9156}.Release|x64.ActiveCfg = Release|Any CPU
		{57BA34C6-51CE-4B33-816E-F940214F9156}.Release|x64.Build.0 = Release|Any CPU
		{57BA34C6-51CE-4B33-816E-F940214F9156}.Release|x86.ActiveCfg = Release|Any CPU
		{57BA34C6-51CE-4B33-816E-F940214F9156}.Release|x86.Build.0 = Release|Any CPU
		{7494A07D-E11D-461A-A75D-2D18CDC850E8}.Debug|Any CPU.ActiveCfg = Debug|x64
		{7494A07D-E11D-461A-A75D-2D18CDC850E8}.Debug|Any CPU.Build.0 = Debug|x64
		{7494A07D-E11D-461A-A75D-2D18CDC850E8}.Debug|Any CPU.Deploy.0 = Debug|x64
		{7494A07D-E11D-461A-A75D-2D18CDC850E8}.Debug|ARM64.ActiveCfg = Debug|ARM64
		{7494A07D-E11D-461A-A75D-2D18CDC850E8}.Debug|ARM64.Build.0 = Debug|ARM64
		{7494A07D-E11D-461A-A75D-2D18CDC850E8}.Debug|ARM64.Deploy.0 = Debug|ARM64
		{7494A07D-E11D-461A-A75D-2D18CDC850E8}.Debug|x64.ActiveCfg = Debug|x64
		{7494A07D-E11D-461A-A75D-2D18CDC850E8}.Debug|x64.Build.0 = Debug|x64
		{7494A07D-E11D-461A-A75D-2D18CDC850E8}.Debug|x64.Deploy.0 = Debug|x64
		{7494A07D-E11D-461A-A75D-2D18CDC850E8}.Debug|x86.ActiveCfg = Debug|x86
		{7494A07D-E11D-461A-A75D-2D18CDC850E8}.Debug|x86.Build.0 = Debug|x86
		{7494A07D-E11D-461A-A75D-2D18CDC850E8}.Debug|x86.Deploy.0 = Debug|x86
		{7494A07D-E11D-461A-A75D-2D18CDC850E8}.Release|Any CPU.ActiveCfg = Release|x64
		{7494A07D-E11D-461A-A75D-2D18CDC850E8}.Release|Any CPU.Build.0 = Release|x64
		{7494A07D-E11D-461A-A75D-2D18CDC850E8}.Release|Any CPU.Deploy.0 = Release|x64
		{7494A07D-E11D-461A-A75D-2D18CDC850E8}.Release|ARM64.ActiveCfg = Release|ARM64
		{7494A07D-E11D-461A-A75D-2D18CDC850E8}.Release|ARM64.Build.0 = Release|ARM64
		{7494A07D-E11D-461A-A75D-2D18CDC850E8}.Release|ARM64.Deploy.0 = Release|ARM64
		{7494A07D-E11D-461A-A75D-2D18CDC850E8}.Release|x64.ActiveCfg = Release|x64
		{7494A07D-E11D-461A-A75D-2D18CDC850E8}.Release|x64.Build.0 = Release|x64
		{7494A07D-E11D-461A-A75D-2D18CDC850E8}.Release|x64.Deploy.0 = Release|x64
		{7494A07D-E11D-461A-A75D-2D18CDC850E8}.Release|x86.ActiveCfg = Release|x86
		{7494A07D-E11D-461A-A75D-2D18CDC850E8}.Release|x86.Build.0 = Release|x86
		{7494A07D-E11D-461A-A75D-2D18CDC850E8}.Release|x86.Deploy.0 = Release|x86
		{CB5C9223-B268-478C-AA0B-52834E27C23A}.Debug|Any CPU.ActiveCfg = Debug|Any CPU
		{CB5C9223-B268-478C-AA0B-52834E27C23A}.Debug|Any CPU.Build.0 = Debug|Any CPU
		{CB5C9223-B268-478C-AA0B-52834E27C23A}.Debug|Any CPU.Deploy.0 = Debug|Any CPU
		{CB5C9223-B268-478C-AA0B-52834E27C23A}.Debug|ARM64.ActiveCfg = Debug|Any CPU
		{CB5C9223-B268-478C-AA0B-52834E27C23A}.Debug|ARM64.Build.0 = Debug|Any CPU
		{CB5C9223-B268-478C-AA0B-52834E27C23A}.Debug|x64.ActiveCfg = Debug|Any CPU
		{CB5C9223-B268-478C-AA0B-52834E27C23A}.Debug|x64.Build.0 = Debug|Any CPU
		{CB5C9223-B268-478C-AA0B-52834E27C23A}.Debug|x86.ActiveCfg = Debug|Any CPU
		{CB5C9223-B268-478C-AA0B-52834E27C23A}.Debug|x86.Build.0 = Debug|Any CPU
		{CB5C9223-B268-478C-AA0B-52834E27C23A}.Release|Any CPU.ActiveCfg = Release|Any CPU
		{CB5C9223-B268-478C-AA0B-52834E27C23A}.Release|Any CPU.Build.0 = Release|Any CPU
		{CB5C9223-B268-478C-AA0B-52834E27C23A}.Release|ARM64.ActiveCfg = Release|Any CPU
		{CB5C9223-B268-478C-AA0B-52834E27C23A}.Release|ARM64.Build.0 = Release|Any CPU
		{CB5C9223-B268-478C-AA0B-52834E27C23A}.Release|x64.ActiveCfg = Release|Any CPU
		{CB5C9223-B268-478C-AA0B-52834E27C23A}.Release|x64.Build.0 = Release|Any CPU
		{CB5C9223-B268-478C-AA0B-52834E27C23A}.Release|x86.ActiveCfg = Release|Any CPU
		{CB5C9223-B268-478C-AA0B-52834E27C23A}.Release|x86.Build.0 = Release|Any CPU
		{90DAAFBF-86E7-42CB-B9C0-683ED72B88ED}.Debug|Any CPU.ActiveCfg = Debug|Any CPU
		{90DAAFBF-86E7-42CB-B9C0-683ED72B88ED}.Debug|Any CPU.Build.0 = Debug|Any CPU
		{90DAAFBF-86E7-42CB-B9C0-683ED72B88ED}.Debug|ARM64.ActiveCfg = Debug|Any CPU
		{90DAAFBF-86E7-42CB-B9C0-683ED72B88ED}.Debug|ARM64.Build.0 = Debug|Any CPU
		{90DAAFBF-86E7-42CB-B9C0-683ED72B88ED}.Debug|x64.ActiveCfg = Debug|Any CPU
		{90DAAFBF-86E7-42CB-B9C0-683ED72B88ED}.Debug|x64.Build.0 = Debug|Any CPU
		{90DAAFBF-86E7-42CB-B9C0-683ED72B88ED}.Debug|x86.ActiveCfg = Debug|Any CPU
		{90DAAFBF-86E7-42CB-B9C0-683ED72B88ED}.Debug|x86.Build.0 = Debug|Any CPU
		{90DAAFBF-86E7-42CB-B9C0-683ED72B88ED}.Release|Any CPU.ActiveCfg = Release|Any CPU
		{90DAAFBF-86E7-42CB-B9C0-683ED72B88ED}.Release|Any CPU.Build.0 = Release|Any CPU
		{90DAAFBF-86E7-42CB-B9C0-683ED72B88ED}.Release|ARM64.ActiveCfg = Release|Any CPU
		{90DAAFBF-86E7-42CB-B9C0-683ED72B88ED}.Release|ARM64.Build.0 = Release|Any CPU
		{90DAAFBF-86E7-42CB-B9C0-683ED72B88ED}.Release|x64.ActiveCfg = Release|Any CPU
		{90DAAFBF-86E7-42CB-B9C0-683ED72B88ED}.Release|x64.Build.0 = Release|Any CPU
		{90DAAFBF-86E7-42CB-B9C0-683ED72B88ED}.Release|x86.ActiveCfg = Release|Any CPU
		{90DAAFBF-86E7-42CB-B9C0-683ED72B88ED}.Release|x86.Build.0 = Release|Any CPU
		{E8220178-70CE-4170-8C14-90E6A89EF61B}.Debug|Any CPU.ActiveCfg = Debug|Any CPU
		{E8220178-70CE-4170-8C14-90E6A89EF61B}.Debug|Any CPU.Build.0 = Debug|Any CPU
		{E8220178-70CE-4170-8C14-90E6A89EF61B}.Debug|ARM64.ActiveCfg = Debug|Any CPU
		{E8220178-70CE-4170-8C14-90E6A89EF61B}.Debug|ARM64.Build.0 = Debug|Any CPU
		{E8220178-70CE-4170-8C14-90E6A89EF61B}.Debug|x64.ActiveCfg = Debug|Any CPU
		{E8220178-70CE-4170-8C14-90E6A89EF61B}.Debug|x64.Build.0 = Debug|Any CPU
		{E8220178-70CE-4170-8C14-90E6A89EF61B}.Debug|x86.ActiveCfg = Debug|Any CPU
		{E8220178-70CE-4170-8C14-90E6A89EF61B}.Debug|x86.Build.0 = Debug|Any CPU
		{E8220178-70CE-4170-8C14-90E6A89EF61B}.Release|Any CPU.ActiveCfg = Release|Any CPU
		{E8220178-70CE-4170-8C14-90E6A89EF61B}.Release|Any CPU.Build.0 = Release|Any CPU
		{E8220178-70CE-4170-8C14-90E6A89EF61B}.Release|ARM64.ActiveCfg = Release|Any CPU
		{E8220178-70CE-4170-8C14-90E6A89EF61B}.Release|ARM64.Build.0 = Release|Any CPU
		{E8220178-70CE-4170-8C14-90E6A89EF61B}.Release|x64.ActiveCfg = Release|Any CPU
		{E8220178-70CE-4170-8C14-90E6A89EF61B}.Release|x64.Build.0 = Release|Any CPU
		{E8220178-70CE-4170-8C14-90E6A89EF61B}.Release|x86.ActiveCfg = Release|Any CPU
		{E8220178-70CE-4170-8C14-90E6A89EF61B}.Release|x86.Build.0 = Release|Any CPU
	EndGlobalSection
	GlobalSection(SolutionProperties) = preSolution
		HideSolutionNode = FALSE
	EndGlobalSection
	GlobalSection(ExtensibilityGlobals) = postSolution
		SolutionGuid = {DD770C97-8494-4A49-ADEB-5F947B6731FA}
	EndGlobalSection
EndGlobal
